
Microsoft Visual Studio Solution File, Format Version 12.00
# Visual Studio Version 17
VisualStudioVersion = 17.0.31912.275
MinimumVisualStudioVersion = 10.0.40219.1
Project("{2150E333-8FDC-42A3-9474-1A3956D46DE8}") = "Src", "Src", "{B97C29F3-3078-44A5-9958-8827A0FFD0A2}"
EndProject
Project("{2150E333-8FDC-42A3-9474-1A3956D46DE8}") = "Api", "Api", "{BDF3D759-5AB6-4240-8296-091D95CEFDA0}"
EndProject
Project("{2150E333-8FDC-42A3-9474-1A3956D46DE8}") = "Core", "Core", "{EB0C9492-6824-4B64-B810-5AD1E247244A}"
EndProject
Project("{2150E333-8FDC-42A3-9474-1A3956D46DE8}") = "Infrastructure", "Infrastructure", "{2C7EE713-8BF7-48B0-BA7F-79C8F76EA00F}"
EndProject
Project("{2150E333-8FDC-42A3-9474-1A3956D46DE8}") = "Test", "Test", "{F46A4F50-09B7-4868-96E9-C50A62A270B7}"
EndProject
Project("{FAE04EC0-301F-11D3-BF4B-00C04F79EFBC}") = "Application", "Application\Application.csproj", "{BAFAE25D-FD2A-4CE1-A11D-3A6DDD47CA00}"
EndProject
Project("{FAE04EC0-301F-11D3-BF4B-00C04F79EFBC}") = "Domain", "Domain\Domain.csproj", "{9880653A-44E1-4F44-913F-4ED9FB803E71}"
EndProject
Project("{FAE04EC0-301F-11D3-BF4B-00C04F79EFBC}") = "Infraestructure", "Infraestructure\Infraestructure.csproj", "{3A1ADF0F-4E5D-4283-836F-FF0554375E45}"
EndProject
Project("{FAE04EC0-301F-11D3-BF4B-00C04F79EFBC}") = "Identity", "Identity\Identity.csproj", "{5BAD49A7-2DF3-4337-BE72-FDACB56180ED}"
EndProject
Project("{FAE04EC0-301F-11D3-BF4B-00C04F79EFBC}") = "API", "API\API.csproj", "{0C52CA00-D8BC-42AF-B52D-B033690830C3}"
EndProject
Global
	GlobalSection(SolutionConfigurationPlatforms) = preSolution
		Debug|Any CPU = Debug|Any CPU
		Release|Any CPU = Release|Any CPU
	EndGlobalSection
	GlobalSection(ProjectConfigurationPlatforms) = postSolution
		{BAFAE25D-FD2A-4CE1-A11D-3A6DDD47CA00}.Debug|Any CPU.ActiveCfg = Debug|Any CPU
		{BAFAE25D-FD2A-4CE1-A11D-3A6DDD47CA00}.Debug|Any CPU.Build.0 = Debug|Any CPU
		{BAFAE25D-FD2A-4CE1-A11D-3A6DDD47CA00}.Release|Any CPU.ActiveCfg = Release|Any CPU
		{BAFAE25D-FD2A-4CE1-A11D-3A6DDD47CA00}.Release|Any CPU.Build.0 = Release|Any CPU
		{9880653A-44E1-4F44-913F-4ED9FB803E71}.Debug|Any CPU.ActiveCfg = Debug|Any CPU
		{9880653A-44E1-4F44-913F-4ED9FB803E71}.Debug|Any CPU.Build.0 = Debug|Any CPU
		{9880653A-44E1-4F44-913F-4ED9FB803E71}.Release|Any CPU.ActiveCfg = Release|Any CPU
		{9880653A-44E1-4F44-913F-4ED9FB803E71}.Release|Any CPU.Build.0 = Release|Any CPU
		{3A1ADF0F-4E5D-4283-836F-FF0554375E45}.Debug|Any CPU.ActiveCfg = Debug|Any CPU
		{3A1ADF0F-4E5D-4283-836F-FF0554375E45}.Debug|Any CPU.Build.0 = Debug|Any CPU
		{3A1ADF0F-4E5D-4283-836F-FF0554375E45}.Release|Any CPU.ActiveCfg = Release|Any CPU
		{3A1ADF0F-4E5D-4283-836F-FF0554375E45}.Release|Any CPU.Build.0 = Release|Any CPU
		{5BAD49A7-2DF3-4337-BE72-FDACB56180ED}.Debug|Any CPU.ActiveCfg = Debug|Any CPU
		{5BAD49A7-2DF3-4337-BE72-FDACB56180ED}.Debug|Any CPU.Build.0 = Debug|Any CPU
		{5BAD49A7-2DF3-4337-BE72-FDACB56180ED}.Release|Any CPU.ActiveCfg = Release|Any CPU
		{5BAD49A7-2DF3-4337-BE72-FDACB56180ED}.Release|Any CPU.Build.0 = Release|Any CPU
		{0C52CA00-D8BC-42AF-B52D-B033690830C3}.Debug|Any CPU.ActiveCfg = Debug|Any CPU
		{0C52CA00-D8BC-42AF-B52D-B033690830C3}.Debug|Any CPU.Build.0 = Debug|Any CPU
		{0C52CA00-D8BC-42AF-B52D-B033690830C3}.Release|Any CPU.ActiveCfg = Release|Any CPU
		{0C52CA00-D8BC-42AF-B52D-B033690830C3}.Release|Any CPU.Build.0 = Release|Any CPU
	EndGlobalSection
	GlobalSection(SolutionProperties) = preSolution
		HideSolutionNode = FALSE
	EndGlobalSection
	GlobalSection(NestedProjects) = preSolution
		{BDF3D759-5AB6-4240-8296-091D95CEFDA0} = {B97C29F3-3078-44A5-9958-8827A0FFD0A2}
		{EB0C9492-6824-4B64-B810-5AD1E247244A} = {B97C29F3-3078-44A5-9958-8827A0FFD0A2}
		{2C7EE713-8BF7-48B0-BA7F-79C8F76EA00F} = {B97C29F3-3078-44A5-9958-8827A0FFD0A2}
		{BAFAE25D-FD2A-4CE1-A11D-3A6DDD47CA00} = {EB0C9492-6824-4B64-B810-5AD1E247244A}
		{9880653A-44E1-4F44-913F-4ED9FB803E71} = {EB0C9492-6824-4B64-B810-5AD1E247244A}
		{3A1ADF0F-4E5D-4283-836F-FF0554375E45} = {2C7EE713-8BF7-48B0-BA7F-79C8F76EA00F}
		{5BAD49A7-2DF3-4337-BE72-FDACB56180ED} = {2C7EE713-8BF7-48B0-BA7F-79C8F76EA00F}
		{0C52CA00-D8BC-42AF-B52D-B033690830C3} = {BDF3D759-5AB6-4240-8296-091D95CEFDA0}
	EndGlobalSection
	GlobalSection(ExtensibilityGlobals) = postSolution
		SolutionGuid = {124C6078-6730-48B2-91E9-E99E32DAE97F}
	EndGlobalSection
EndGlobal
